
Microsoft Visual Studio Solution File, Format Version 12.00
# Visual Studio 15
VisualStudioVersion = 15.0.28307.572
MinimumVisualStudioVersion = 10.0.40219.1
Project("{FAE04EC0-301F-11D3-BF4B-00C04F79EFBC}") = "WindowsFormsControl", "WindowsFormsControl\WindowsFormsControl.csproj", "{79C0DAF8-BAA6-4BB1-9FDE-090CB5A6C28C}"
EndProject
Project("{FAE04EC0-301F-11D3-BF4B-00C04F79EFBC}") = "WindowsFormView", "WindowsFormView\WindowsFormView.csproj", "{0EFF177C-E144-48B0-AFA9-59A0DFF8C67F}"
EndProject
Project("{FAE04EC0-301F-11D3-BF4B-00C04F79EFBC}") = "FormControlManager", "FormControlManager\FormControlManager.csproj", "{D222A469-D4C5-479A-B9A3-03049686C832}"
EndProject
Global
	GlobalSection(SolutionConfigurationPlatforms) = preSolution
		Debug|Any CPU = Debug|Any CPU
		Release|Any CPU = Release|Any CPU
	EndGlobalSection
	GlobalSection(ProjectConfigurationPlatforms) = postSolution
		{79C0DAF8-BAA6-4BB1-9FDE-090CB5A6C28C}.Debug|Any CPU.ActiveCfg = Debug|Any CPU
		{79C0DAF8-BAA6-4BB1-9FDE-090CB5A6C28C}.Debug|Any CPU.Build.0 = Debug|Any CPU
		{79C0DAF8-BAA6-4BB1-9FDE-090CB5A6C28C}.Release|Any CPU.ActiveCfg = Release|Any CPU
		{79C0DAF8-BAA6-4BB1-9FDE-090CB5A6C28C}.Release|Any CPU.Build.0 = Release|Any CPU
		{0EFF177C-E144-48B0-AFA9-59A0DFF8C67F}.Debug|Any CPU.ActiveCfg = Debug|Any CPU
		{0EFF177C-E144-48B0-AFA9-59A0DFF8C67F}.Debug|Any CPU.Build.0 = Debug|Any CPU
		{0EFF177C-E144-48B0-AFA9-59A0DFF8C67F}.Release|Any CPU.ActiveCfg = Release|Any CPU
		{0EFF177C-E144-48B0-AFA9-59A0DFF8C67F}.Release|Any CPU.Build.0 = Release|Any CPU
		{D222A469-D4C5-479A-B9A3-03049686C832}.Debug|Any CPU.ActiveCfg = Debug|Any CPU
		{D222A469-D4C5-479A-B9A3-03049686C832}.Debug|Any CPU.Build.0 = Debug|Any CPU
		{D222A469-D4C5-479A-B9A3-03049686C832}.Release|Any CPU.ActiveCfg = Release|Any CPU
		{D222A469-D4C5-479A-B9A3-03049686C832}.Release|Any CPU.Build.0 = Release|Any CPU
	EndGlobalSection
	GlobalSection(SolutionProperties) = preSolution
		HideSolutionNode = FALSE
	EndGlobalSection
	GlobalSection(ExtensibilityGlobals) = postSolution
		SolutionGuid = {AA10CF64-D3D6-48A9-A8DB-D17BE238CA03}
	EndGlobalSection
EndGlobal
